
Microsoft Visual Studio Solution File, Format Version 12.00
# Visual Studio Version 17
VisualStudioVersion = 17.14.36310.24 d17.14
MinimumVisualStudioVersion = 10.0.40219.1
Project("{FAE04EC0-301F-11D3-BF4B-00C04F79EFBC}") = "07_Strings", "07_Strings\07_Strings.csproj", "{BBAFD4F9-EB70-4ECB-8FB7-F09CDA84837D}"
EndProject
Global
	GlobalSection(SolutionConfigurationPlatforms) = preSolution
		Debug|Any CPU = Debug|Any CPU
		Release|Any CPU = Release|Any CPU
	EndGlobalSection
	GlobalSection(ProjectConfigurationPlatforms) = postSolution
		{BBAFD4F9-EB70-4ECB-8FB7-F09CDA84837D}.Debug|Any CPU.ActiveCfg = Debug|Any CPU
		{BBAFD4F9-EB70-4ECB-8FB7-F09CDA84837D}.Debug|Any CPU.Build.0 = Debug|Any CPU
		{BBAFD4F9-EB70-4ECB-8FB7-F09CDA84837D}.Release|Any CPU.ActiveCfg = Release|Any CPU
		{BBAFD4F9-EB70-4ECB-8FB7-F09CDA84837D}.Release|Any CPU.Build.0 = Release|Any CPU
	EndGlobalSection
	GlobalSection(SolutionProperties) = preSolution
		HideSolutionNode = FALSE
	EndGlobalSection
	GlobalSection(ExtensibilityGlobals) = postSolution
		SolutionGuid = {6A765A2D-8008-4919-9EA1-96042F79A1C7}
	EndGlobalSection
EndGlobal
